// !$*UTF8*$!
{
	archiveVersion = 1;
	classes = {
	};
	objectVersion = 55;
	objects = {

/* Begin PBXBuildFile section */
		D7E6269E2935561A002720FA /* AppDelegate.swift in Sources */ = {isa = PBXBuildFile; fileRef = D7E6269D2935561A002720FA /* AppDelegate.swift */; };
		D7E626A02935561A002720FA /* SceneDelegate.swift in Sources */ = {isa = PBXBuildFile; fileRef = D7E6269F2935561A002720FA /* SceneDelegate.swift */; };
		D7E626A22935561A002720FA /* ViewController.swift in Sources */ = {isa = PBXBuildFile; fileRef = D7E626A12935561A002720FA /* ViewController.swift */; };
		D7E626A52935561A002720FA /* Main.storyboard in Resources */ = {isa = PBXBuildFile; fileRef = D7E626A32935561A002720FA /* Main.storyboard */; };
		D7E626A72935561C002720FA /* Assets.xcassets in Resources */ = {isa = PBXBuildFile; fileRef = D7E626A62935561C002720FA /* Assets.xcassets */; };
		D7E626AA2935561C002720FA /* LaunchScreen.storyboard in Resources */ = {isa = PBXBuildFile; fileRef = D7E626A82935561C002720FA /* LaunchScreen.storyboard */; };
		D7E626B52935561D002720FA /* ImageManagerTests.swift in Sources */ = {isa = PBXBuildFile; fileRef = D7E626B42935561D002720FA /* ImageManagerTests.swift */; };
		D7E626BF2935561D002720FA /* ImageManagerUITests.swift in Sources */ = {isa = PBXBuildFile; fileRef = D7E626BE2935561D002720FA /* ImageManagerUITests.swift */; };
		D7E626C12935561D002720FA /* ImageManagerUITestsLaunchTests.swift in Sources */ = {isa = PBXBuildFile; fileRef = D7E626C02935561D002720FA /* ImageManagerUITestsLaunchTests.swift */; };
/* End PBXBuildFile section */

/* Begin PBXContainerItemProxy section */
		D7E626B12935561D002720FA /* PBXContainerItemProxy */ = {
			isa = PBXContainerItemProxy;
			containerPortal = D7E6269229355619002720FA /* Project object */;
			proxyType = 1;
			remoteGlobalIDString = D7E626992935561A002720FA;
			remoteInfo = ImageManager;
		};
		D7E626BB2935561D002720FA /* PBXContainerItemProxy */ = {
			isa = PBXContainerItemProxy;
			containerPortal = D7E6269229355619002720FA /* Project object */;
			proxyType = 1;
			remoteGlobalIDString = D7E626992935561A002720FA;
			remoteInfo = ImageManager;
		};
/* End PBXContainerItemProxy section */

/* Begin PBXFileReference section */
		D7E6269A2935561A002720FA /* ImageManager.app */ = {isa = PBXFileReference; explicitFileType = wrapper.application; includeInIndex = 0; path = ImageManager.app; sourceTree = BUILT_PRODUCTS_DIR; };
		D7E6269D2935561A002720FA /* AppDelegate.swift */ = {isa = PBXFileReference; lastKnownFileType = sourcecode.swift; path = AppDelegate.swift; sourceTree = "<group>"; };
		D7E6269F2935561A002720FA /* SceneDelegate.swift */ = {isa = PBXFileReference; lastKnownFileType = sourcecode.swift; path = SceneDelegate.swift; sourceTree = "<group>"; };
		D7E626A12935561A002720FA /* ViewController.swift */ = {isa = PBXFileReference; lastKnownFileType = sourcecode.swift; path = ViewController.swift; sourceTree = "<group>"; };
		D7E626A42935561A002720FA /* Base */ = {isa = PBXFileReference; lastKnownFileType = file.storyboard; name = Base; path = Base.lproj/Main.storyboard; sourceTree = "<group>"; };
		D7E626A62935561C002720FA /* Assets.xcassets */ = {isa = PBXFileReference; lastKnownFileType = folder.assetcatalog; path = Assets.xcassets; sourceTree = "<group>"; };
		D7E626A92935561C002720FA /* Base */ = {isa = PBXFileReference; lastKnownFileType = file.storyboard; name = Base; path = Base.lproj/LaunchScreen.storyboard; sourceTree = "<group>"; };
		D7E626AB2935561C002720FA /* Info.plist */ = {isa = PBXFileReference; lastKnownFileType = text.plist.xml; path = Info.plist; sourceTree = "<group>"; };
		D7E626B02935561D002720FA /* ImageManagerTests.xctest */ = {isa = PBXFileReference; explicitFileType = wrapper.cfbundle; includeInIndex = 0; path = ImageManagerTests.xctest; sourceTree = BUILT_PRODUCTS_DIR; };
		D7E626B42935561D002720FA /* ImageManagerTests.swift */ = {isa = PBXFileReference; lastKnownFileType = sourcecode.swift; path = ImageManagerTests.swift; sourceTree = "<group>"; };
		D7E626BA2935561D002720FA /* ImageManagerUITests.xctest */ = {isa = PBXFileReference; explicitFileType = wrapper.cfbundle; includeInIndex = 0; path = ImageManagerUITests.xctest; sourceTree = BUILT_PRODUCTS_DIR; };
		D7E626BE2935561D002720FA /* ImageManagerUITests.swift */ = {isa = PBXFileReference; lastKnownFileType = sourcecode.swift; path = ImageManagerUITests.swift; sourceTree = "<group>"; };
		D7E626C02935561D002720FA /* ImageManagerUITestsLaunchTests.swift */ = {isa = PBXFileReference; lastKnownFileType = sourcecode.swift; path = ImageManagerUITestsLaunchTests.swift; sourceTree = "<group>"; };
/* End PBXFileReference section */

/* Begin PBXFrameworksBuildPhase section */
		D7E626972935561A002720FA /* Frameworks */ = {
			isa = PBXFrameworksBuildPhase;
			buildActionMask = 2147483647;
			files = (
			);
			runOnlyForDeploymentPostprocessing = 0;
		};
		D7E626AD2935561D002720FA /* Frameworks */ = {
			isa = PBXFrameworksBuildPhase;
			buildActionMask = 2147483647;
			files = (
			);
			runOnlyForDeploymentPostprocessing = 0;
		};
		D7E626B72935561D002720FA /* Frameworks */ = {
			isa = PBXFrameworksBuildPhase;
			buildActionMask = 2147483647;
			files = (
			);
			runOnlyForDeploymentPostprocessing = 0;
		};
/* End PBXFrameworksBuildPhase section */

/* Begin PBXGroup section */
		D7E6269129355619002720FA = {
			isa = PBXGroup;
			children = (
				D7E6269C2935561A002720FA /* ImageManager */,
				D7E626B32935561D002720FA /* ImageManagerTests */,
				D7E626BD2935561D002720FA /* ImageManagerUITests */,
				D7E6269B2935561A002720FA /* Products */,
			);
			sourceTree = "<group>";
		};
		D7E6269B2935561A002720FA /* Products */ = {
			isa = PBXGroup;
			children = (
				D7E6269A2935561A002720FA /* ImageManager.app */,
				D7E626B02935561D002720FA /* ImageManagerTests.xctest */,
				D7E626BA2935561D002720FA /* ImageManagerUITests.xctest */,
			);
			name = Products;
			sourceTree = "<group>";
		};
		D7E6269C2935561A002720FA /* ImageManager */ = {
			isa = PBXGroup;
			children = (
				D7E6269D2935561A002720FA /* AppDelegate.swift */,
				D7E6269F2935561A002720FA /* SceneDelegate.swift */,
				D7E626A12935561A002720FA /* ViewController.swift */,
				D7E626A32935561A002720FA /* Main.storyboard */,
				D7E626A62935561C002720FA /* Assets.xcassets */,
				D7E626A82935561C002720FA /* LaunchScreen.storyboard */,
				D7E626AB2935561C002720FA /* Info.plist */,
			);
			path = ImageManager;
			sourceTree = "<group>";
		};
		D7E626B32935561D002720FA /* ImageManagerTests */ = {
			isa = PBXGroup;
			children = (
				D7E626B42935561D002720FA /* ImageManagerTests.swift */,
			);
			path = ImageManagerTests;
			sourceTree = "<group>";
		};
		D7E626BD2935561D002720FA /* ImageManagerUITests */ = {
			isa = PBXGroup;
			children = (
				D7E626BE2935561D002720FA /* ImageManagerUITests.swift */,
				D7E626C02935561D002720FA /* ImageManagerUITestsLaunchTests.swift */,
			);
			path = ImageManagerUITests;
			sourceTree = "<group>";
		};
/* End PBXGroup section */

/* Begin PBXNativeTarget section */
		D7E626992935561A002720FA /* ImageManager */ = {
			isa = PBXNativeTarget;
			buildConfigurationList = D7E626C42935561D002720FA /* Build configuration list for PBXNativeTarget "ImageManager" */;
			buildPhases = (
				D7E626962935561A002720FA /* Sources */,
				D7E626972935561A002720FA /* Frameworks */,
				D7E626982935561A002720FA /* Resources */,
			);
			buildRules = (
			);
			dependencies = (
			);
			name = ImageManager;
			productName = ImageManager;
			productReference = D7E6269A2935561A002720FA /* ImageManager.app */;
			productType = "com.apple.product-type.application";
		};
		D7E626AF2935561D002720FA /* ImageManagerTests */ = {
			isa = PBXNativeTarget;
			buildConfigurationList = D7E626C72935561D002720FA /* Build configuration list for PBXNativeTarget "ImageManagerTests" */;
			buildPhases = (
				D7E626AC2935561D002720FA /* Sources */,
				D7E626AD2935561D002720FA /* Frameworks */,
				D7E626AE2935561D002720FA /* Resources */,
			);
			buildRules = (
			);
			dependencies = (
				D7E626B22935561D002720FA /* PBXTargetDependency */,
			);
			name = ImageManagerTests;
			productName = ImageManagerTests;
			productReference = D7E626B02935561D002720FA /* ImageManagerTests.xctest */;
			productType = "com.apple.product-type.bundle.unit-test";
		};
		D7E626B92935561D002720FA /* ImageManagerUITests */ = {
			isa = PBXNativeTarget;
			buildConfigurationList = D7E626CA2935561D002720FA /* Build configuration list for PBXNativeTarget "ImageManagerUITests" */;
			buildPhases = (
				D7E626B62935561D002720FA /* Sources */,
				D7E626B72935561D002720FA /* Frameworks */,
				D7E626B82935561D002720FA /* Resources */,
			);
			buildRules = (
			);
			dependencies = (
				D7E626BC2935561D002720FA /* PBXTargetDependency */,
			);
			name = ImageManagerUITests;
			productName = ImageManagerUITests;
			productReference = D7E626BA2935561D002720FA /* ImageManagerUITests.xctest */;
			productType = "com.apple.product-type.bundle.ui-testing";
		};
/* End PBXNativeTarget section */

/* Begin PBXProject section */
		D7E6269229355619002720FA /* Project object */ = {
			isa = PBXProject;
			attributes = {
				BuildIndependentTargetsInParallel = 1;
				LastSwiftUpdateCheck = 1340;
				LastUpgradeCheck = 1340;
				TargetAttributes = {
					D7E626992935561A002720FA = {
						CreatedOnToolsVersion = 13.4;
					};
					D7E626AF2935561D002720FA = {
						CreatedOnToolsVersion = 13.4;
						TestTargetID = D7E626992935561A002720FA;
					};
					D7E626B92935561D002720FA = {
						CreatedOnToolsVersion = 13.4;
						TestTargetID = D7E626992935561A002720FA;
					};
				};
			};
			buildConfigurationList = D7E6269529355619002720FA /* Build configuration list for PBXProject "ImageManager" */;
			compatibilityVersion = "Xcode 13.0";
			developmentRegion = en;
			hasScannedForEncodings = 0;
			knownRegions = (
				en,
				Base,
			);
			mainGroup = D7E6269129355619002720FA;
			productRefGroup = D7E6269B2935561A002720FA /* Products */;
			projectDirPath = "";
			projectRoot = "";
			targets = (
				D7E626992935561A002720FA /* ImageManager */,
				D7E626AF2935561D002720FA /* ImageManagerTests */,
				D7E626B92935561D002720FA /* ImageManagerUITests */,
			);
		};
/* End PBXProject section */

/* Begin PBXResourcesBuildPhase section */
		D7E626982935561A002720FA /* Resources */ = {
			isa = PBXResourcesBuildPhase;
			buildActionMask = 2147483647;
			files = (
				D7E626AA2935561C002720FA /* LaunchScreen.storyboard in Resources */,
				D7E626A72935561C002720FA /* Assets.xcassets in Resources */,
				D7E626A52935561A002720FA /* Main.storyboard in Resources */,
			);
			runOnlyForDeploymentPostprocessing = 0;
		};
		D7E626AE2935561D002720FA /* Resources */ = {
			isa = PBXResourcesBuildPhase;
			buildActionMask = 2147483647;
			files = (
			);
			runOnlyForDeploymentPostprocessing = 0;
		};
		D7E626B82935561D002720FA /* Resources */ = {
			isa = PBXResourcesBuildPhase;
			buildActionMask = 2147483647;
			files = (
			);
			runOnlyForDeploymentPostprocessing = 0;
		};
/* End PBXResourcesBuildPhase section */

/* Begin PBXSourcesBuildPhase section */
		D7E626962935561A002720FA /* Sources */ = {
			isa = PBXSourcesBuildPhase;
			buildActionMask = 2147483647;
			files = (
				D7E626A22935561A002720FA /* ViewController.swift in Sources */,
				D7E6269E2935561A002720FA /* AppDelegate.swift in Sources */,
				D7E626A02935561A002720FA /* SceneDelegate.swift in Sources */,
			);
			runOnlyForDeploymentPostprocessing = 0;
		};
		D7E626AC2935561D002720FA /* Sources */ = {
			isa = PBXSourcesBuildPhase;
			buildActionMask = 2147483647;
			files = (
				D7E626B52935561D002720FA /* ImageManagerTests.swift in Sources */,
			);
			runOnlyForDeploymentPostprocessing = 0;
		};
		D7E626B62935561D002720FA /* Sources */ = {
			isa = PBXSourcesBuildPhase;
			buildActionMask = 2147483647;
			files = (
				D7E626C12935561D002720FA /* ImageManagerUITestsLaunchTests.swift in Sources */,
				D7E626BF2935561D002720FA /* ImageManagerUITests.swift in Sources */,
			);
			runOnlyForDeploymentPostprocessing = 0;
		};
/* End PBXSourcesBuildPhase section */

/* Begin PBXTargetDependency section */
		D7E626B22935561D002720FA /* PBXTargetDependency */ = {
			isa = PBXTargetDependency;
			target = D7E626992935561A002720FA /* ImageManager */;
			targetProxy = D7E626B12935561D002720FA /* PBXContainerItemProxy */;
		};
		D7E626BC2935561D002720FA /* PBXTargetDependency */ = {
			isa = PBXTargetDependency;
			target = D7E626992935561A002720FA /* ImageManager */;
			targetProxy = D7E626BB2935561D002720FA /* PBXContainerItemProxy */;
		};
/* End PBXTargetDependency section */

/* Begin PBXVariantGroup section */
		D7E626A32935561A002720FA /* Main.storyboard */ = {
			isa = PBXVariantGroup;
			children = (
				D7E626A42935561A002720FA /* Base */,
			);
			name = Main.storyboard;
			sourceTree = "<group>";
		};
		D7E626A82935561C002720FA /* LaunchScreen.storyboard */ = {
			isa = PBXVariantGroup;
			children = (
				D7E626A92935561C002720FA /* Base */,
			);
			name = LaunchScreen.storyboard;
			sourceTree = "<group>";
		};
/* End PBXVariantGroup section */

/* Begin XCBuildConfiguration section */
		D7E626C22935561D002720FA /* Debug */ = {
			isa = XCBuildConfiguration;
			buildSettings = {
				ALWAYS_SEARCH_USER_PATHS = NO;
				CLANG_ANALYZER_NONNULL = YES;
				CLANG_ANALYZER_NUMBER_OBJECT_CONVERSION = YES_AGGRESSIVE;
				CLANG_CXX_LANGUAGE_STANDARD = "gnu++17";
				CLANG_ENABLE_MODULES = YES;
				CLANG_ENABLE_OBJC_ARC = YES;
				CLANG_ENABLE_OBJC_WEAK = YES;
				CLANG_WARN_BLOCK_CAPTURE_AUTORELEASING = YES;
				CLANG_WARN_BOOL_CONVERSION = YES;
				CLANG_WARN_COMMA = YES;
				CLANG_WARN_CONSTANT_CONVERSION = YES;
				CLANG_WARN_DEPRECATED_OBJC_IMPLEMENTATIONS = YES;
				CLANG_WARN_DIRECT_OBJC_ISA_USAGE = YES_ERROR;
				CLANG_WARN_DOCUMENTATION_COMMENTS = YES;
				CLANG_WARN_EMPTY_BODY = YES;
				CLANG_WARN_ENUM_CONVERSION = YES;
				CLANG_WARN_INFINITE_RECURSION = YES;
				CLANG_WARN_INT_CONVERSION = YES;
				CLANG_WARN_NON_LITERAL_NULL_CONVERSION = YES;
				CLANG_WARN_OBJC_IMPLICIT_RETAIN_SELF = YES;
				CLANG_WARN_OBJC_LITERAL_CONVERSION = YES;
				CLANG_WARN_OBJC_ROOT_CLASS = YES_ERROR;
				CLANG_WARN_QUOTED_INCLUDE_IN_FRAMEWORK_HEADER = YES;
				CLANG_WARN_RANGE_LOOP_ANALYSIS = YES;
				CLANG_WARN_STRICT_PROTOTYPES = YES;
				CLANG_WARN_SUSPICIOUS_MOVE = YES;
				CLANG_WARN_UNGUARDED_AVAILABILITY = YES_AGGRESSIVE;
				CLANG_WARN_UNREACHABLE_CODE = YES;
				CLANG_WARN__DUPLICATE_METHOD_MATCH = YES;
				COPY_PHASE_STRIP = NO;
				DEBUG_INFORMATION_FORMAT = dwarf;
				ENABLE_STRICT_OBJC_MSGSEND = YES;
				ENABLE_TESTABILITY = YES;
				GCC_C_LANGUAGE_STANDARD = gnu11;
				GCC_DYNAMIC_NO_PIC = NO;
				GCC_NO_COMMON_BLOCKS = YES;
				GCC_OPTIMIZATION_LEVEL = 0;
				GCC_PREPROCESSOR_DEFINITIONS = (
					"DEBUG=1",
					"$(inherited)",
				);
				GCC_WARN_64_TO_32_BIT_CONVERSION = YES;
				GCC_WARN_ABOUT_RETURN_TYPE = YES_ERROR;
				GCC_WARN_UNDECLARED_SELECTOR = YES;
				GCC_WARN_UNINITIALIZED_AUTOS = YES_AGGRESSIVE;
				GCC_WARN_UNUSED_FUNCTION = YES;
				GCC_WARN_UNUSED_VARIABLE = YES;
				IPHONEOS_DEPLOYMENT_TARGET = 15.5;
				MTL_ENABLE_DEBUG_INFO = INCLUDE_SOURCE;
				MTL_FAST_MATH = YES;
				ONLY_ACTIVE_ARCH = YES;
				SDKROOT = iphoneos;
				SWIFT_ACTIVE_COMPILATION_CONDITIONS = DEBUG;
				SWIFT_OPTIMIZATION_LEVEL = "-Onone";
			};
			name = Debug;
		};
		D7E626C32935561D002720FA /* Release */ = {
			isa = XCBuildConfiguration;
			buildSettings = {
				ALWAYS_SEARCH_USER_PATHS = NO;
				CLANG_ANALYZER_NONNULL = YES;
				CLANG_ANALYZER_NUMBER_OBJECT_CONVERSION = YES_AGGRESSIVE;
				CLANG_CXX_LANGUAGE_STANDARD = "gnu++17";
				CLANG_ENABLE_MODULES = YES;
				CLANG_ENABLE_OBJC_ARC = YES;
				CLANG_ENABLE_OBJC_WEAK = YES;
				CLANG_WARN_BLOCK_CAPTURE_AUTORELEASING = YES;
				CLANG_WARN_BOOL_CONVERSION = YES;
				CLANG_WARN_COMMA = YES;
				CLANG_WARN_CONSTANT_CONVERSION = YES;
				CLANG_WARN_DEPRECATED_OBJC_IMPLEMENTATIONS = YES;
				CLANG_WARN_DIRECT_OBJC_ISA_USAGE = YES_ERROR;
				CLANG_WARN_DOCUMENTATION_COMMENTS = YES;
				CLANG_WARN_EMPTY_BODY = YES;
				CLANG_WARN_ENUM_CONVERSION = YES;
				CLANG_WARN_INFINITE_RECURSION = YES;
				CLANG_WARN_INT_CONVERSION = YES;
				CLANG_WARN_NON_LITERAL_NULL_CONVERSION = YES;
				CLANG_WARN_OBJC_IMPLICIT_RETAIN_SELF = YES;
				CLANG_WARN_OBJC_LITERAL_CONVERSION = YES;
				CLANG_WARN_OBJC_ROOT_CLASS = YES_ERROR;
				CLANG_WARN_QUOTED_INCLUDE_IN_FRAMEWORK_HEADER = YES;
				CLANG_WARN_RANGE_LOOP_ANALYSIS = YES;
				CLANG_WARN_STRICT_PROTOTYPES = YES;
				CLANG_WARN_SUSPICIOUS_MOVE = YES;
				CLANG_WARN_UNGUARDED_AVAILABILITY = YES_AGGRESSIVE;
				CLANG_WARN_UNREACHABLE_CODE = YES;
				CLANG_WARN__DUPLICATE_METHOD_MATCH = YES;
				COPY_PHASE_STRIP = NO;
				DEBUG_INFORMATION_FORMAT = "dwarf-with-dsym";
				ENABLE_NS_ASSERTIONS = NO;
				ENABLE_STRICT_OBJC_MSGSEND = YES;
				GCC_C_LANGUAGE_STANDARD = gnu11;
				GCC_NO_COMMON_BLOCKS = YES;
				GCC_WARN_64_TO_32_BIT_CONVERSION = YES;
				GCC_WARN_ABOUT_RETURN_TYPE = YES_ERROR;
				GCC_WARN_UNDECLARED_SELECTOR = YES;
				GCC_WARN_UNINITIALIZED_AUTOS = YES_AGGRESSIVE;
				GCC_WARN_UNUSED_FUNCTION = YES;
				GCC_WARN_UNUSED_VARIABLE = YES;
				IPHONEOS_DEPLOYMENT_TARGET = 15.5;
				MTL_ENABLE_DEBUG_INFO = NO;
				MTL_FAST_MATH = YES;
				SDKROOT = iphoneos;
				SWIFT_COMPILATION_MODE = wholemodule;
				SWIFT_OPTIMIZATION_LEVEL = "-O";
				VALIDATE_PRODUCT = YES;
			};
			name = Release;
		};
		D7E626C52935561D002720FA /* Debug */ = {
			isa = XCBuildConfiguration;
			buildSettings = {
				ASSETCATALOG_COMPILER_APPICON_NAME = AppIcon;
				ASSETCATALOG_COMPILER_GLOBAL_ACCENT_COLOR_NAME = AccentColor;
				CODE_SIGN_STYLE = Automatic;
				CURRENT_PROJECT_VERSION = 1;
				DEVELOPMENT_TEAM = 9SY5W54A3Q;
				GENERATE_INFOPLIST_FILE = YES;
				INFOPLIST_FILE = ImageManager/Info.plist;
				INFOPLIST_KEY_UIApplicationSupportsIndirectInputEvents = YES;
				INFOPLIST_KEY_UILaunchStoryboardName = LaunchScreen;
				INFOPLIST_KEY_UIMainStoryboardFile = Main;
				INFOPLIST_KEY_UISupportedInterfaceOrientations_iPad = "UIInterfaceOrientationPortrait UIInterfaceOrientationPortraitUpsideDown UIInterfaceOrientationLandscapeLeft UIInterfaceOrientationLandscapeRight";
				INFOPLIST_KEY_UISupportedInterfaceOrientations_iPhone = "UIInterfaceOrientationPortrait UIInterfaceOrientationLandscapeLeft UIInterfaceOrientationLandscapeRight";
				LD_RUNPATH_SEARCH_PATHS = (
					"$(inherited)",
					"@executable_path/Frameworks",
				);
				MARKETING_VERSION = 1.0;
				PRODUCT_BUNDLE_IDENTIFIER = MarcNavarro.ImageManager;
				PRODUCT_NAME = "$(TARGET_NAME)";
				SWIFT_EMIT_LOC_STRINGS = YES;
				SWIFT_VERSION = 5.0;
				TARGETED_DEVICE_FAMILY = "1,2";
			};
			name = Debug;
		};
		D7E626C62935561D002720FA /* Release */ = {
			isa = XCBuildConfiguration;
			buildSettings = {
				ASSETCATALOG_COMPILER_APPICON_NAME = AppIcon;
				ASSETCATALOG_COMPILER_GLOBAL_ACCENT_COLOR_NAME = AccentColor;
				CODE_SIGN_STYLE = Automatic;
				CURRENT_PROJECT_VERSION = 1;
				DEVELOPMENT_TEAM = 9SY5W54A3Q;
				GENERATE_INFOPLIST_FILE = YES;
				INFOPLIST_FILE = ImageManager/Info.plist;
				INFOPLIST_KEY_UIApplicationSupportsIndirectInputEvents = YES;
				INFOPLIST_KEY_UILaunchStoryboardName = LaunchScreen;
				INFOPLIST_KEY_UIMainStoryboardFile = Main;
				INFOPLIST_KEY_UISupportedInterfaceOrientations_iPad = "UIInterfaceOrientationPortrait UIInterfaceOrientationPortraitUpsideDown UIInterfaceOrientationLandscapeLeft UIInterfaceOrientationLandscapeRight";
				INFOPLIST_KEY_UISupportedInterfaceOrientations_iPhone = "UIInterfaceOrientationPortrait UIInterfaceOrientationLandscapeLeft UIInterfaceOrientationLandscapeRight";
				LD_RUNPATH_SEARCH_PATHS = (
					"$(inherited)",
					"@executable_path/Frameworks",
				);
				MARKETING_VERSION = 1.0;
				PRODUCT_BUNDLE_IDENTIFIER = MarcNavarro.ImageManager;
				PRODUCT_NAME = "$(TARGET_NAME)";
				SWIFT_EMIT_LOC_STRINGS = YES;
				SWIFT_VERSION = 5.0;
				TARGETED_DEVICE_FAMILY = "1,2";
			};
			name = Release;
		};
		D7E626C82935561D002720FA /* Debug */ = {
			isa = XCBuildConfiguration;
			buildSettings = {
				ALWAYS_EMBED_SWIFT_STANDARD_LIBRARIES = YES;
				BUNDLE_LOADER = "$(TEST_HOST)";
				CODE_SIGN_STYLE = Automatic;
				CURRENT_PROJECT_VERSION = 1;
				DEVELOPMENT_TEAM = 9SY5W54A3Q;
				GENERATE_INFOPLIST_FILE = YES;
				IPHONEOS_DEPLOYMENT_TARGET = 15.5;
				MARKETING_VERSION = 1.0;
				PRODUCT_BUNDLE_IDENTIFIER = MarcNavarro.ImageManagerTests;
				PRODUCT_NAME = "$(TARGET_NAME)";
				SWIFT_EMIT_LOC_STRINGS = NO;
				SWIFT_VERSION = 5.0;
				TARGETED_DEVICE_FAMILY = "1,2";
				TEST_HOST = "$(BUILT_PRODUCTS_DIR)/ImageManager.app/ImageManager";
			};
			name = Debug;
		};
		D7E626C92935561D002720FA /* Release */ = {
			isa = XCBuildConfiguration;
			buildSettings = {
				ALWAYS_EMBED_SWIFT_STANDARD_LIBRARIES = YES;
				BUNDLE_LOADER = "$(TEST_HOST)";
				CODE_SIGN_STYLE = Automatic;
				CURRENT_PROJECT_VERSION = 1;
				DEVELOPMENT_TEAM = 9SY5W54A3Q;
				GENERATE_INFOPLIST_FILE = YES;
				IPHONEOS_DEPLOYMENT_TARGET = 15.5;
				MARKETING_VERSION = 1.0;
				PRODUCT_BUNDLE_IDENTIFIER = MarcNavarro.ImageManagerTests;
				PRODUCT_NAME = "$(TARGET_NAME)";
				SWIFT_EMIT_LOC_STRINGS = NO;
				SWIFT_VERSION = 5.0;
				TARGETED_DEVICE_FAMILY = "1,2";
				TEST_HOST = "$(BUILT_PRODUCTS_DIR)/ImageManager.app/ImageManager";
			};
			name = Release;
		};
		D7E626CB2935561D002720FA /* Debug */ = {
			isa = XCBuildConfiguration;
			buildSettings = {
				ALWAYS_EMBED_SWIFT_STANDARD_LIBRARIES = YES;
				CODE_SIGN_STYLE = Automatic;
				CURRENT_PROJECT_VERSION = 1;
				DEVELOPMENT_TEAM = 9SY5W54A3Q;
				GENERATE_INFOPLIST_FILE = YES;
				MARKETING_VERSION = 1.0;
				PRODUCT_BUNDLE_IDENTIFIER = MarcNavarro.ImageManagerUITests;
				PRODUCT_NAME = "$(TARGET_NAME)";
				SWIFT_EMIT_LOC_STRINGS = NO;
				SWIFT_VERSION = 5.0;
				TARGETED_DEVICE_FAMILY = "1,2";
				TEST_TARGET_NAME = ImageManager;
			};
			name = Debug;
		};
		D7E626CC2935561D002720FA /* Release */ = {
			isa = XCBuildConfiguration;
			buildSettings = {
				ALWAYS_EMBED_SWIFT_STANDARD_LIBRARIES = YES;
				CODE_SIGN_STYLE = Automatic;
				CURRENT_PROJECT_VERSION = 1;
				DEVELOPMENT_TEAM = 9SY5W54A3Q;
				GENERATE_INFOPLIST_FILE = YES;
				MARKETING_VERSION = 1.0;
				PRODUCT_BUNDLE_IDENTIFIER = MarcNavarro.ImageManagerUITests;
				PRODUCT_NAME = "$(TARGET_NAME)";
				SWIFT_EMIT_LOC_STRINGS = NO;
				SWIFT_VERSION = 5.0;
				TARGETED_DEVICE_FAMILY = "1,2";
				TEST_TARGET_NAME = ImageManager;
			};
			name = Release;
		};
/* End XCBuildConfiguration section */

/* Begin XCConfigurationList section */
		D7E6269529355619002720FA /* Build configuration list for PBXProject "ImageManager" */ = {
			isa = XCConfigurationList;
			buildConfigurations = (
				D7E626C22935561D002720FA /* Debug */,
				D7E626C32935561D002720FA /* Release */,
			);
			defaultConfigurationIsVisible = 0;
			defaultConfigurationName = Release;
		};
		D7E626C42935561D002720FA /* Build configuration list for PBXNativeTarget "ImageManager" */ = {
			isa = XCConfigurationList;
			buildConfigurations = (
				D7E626C52935561D002720FA /* Debug */,
				D7E626C62935561D002720FA /* Release */,
			);
			defaultConfigurationIsVisible = 0;
			defaultConfigurationName = Release;
		};
		D7E626C72935561D002720FA /* Build configuration list for PBXNativeTarget "ImageManagerTests" */ = {
			isa = XCConfigurationList;
			buildConfigurations = (
				D7E626C82935561D002720FA /* Debug */,
				D7E626C92935561D002720FA /* Release */,
			);
			defaultConfigurationIsVisible = 0;
			defaultConfigurationName = Release;
		};
		D7E626CA2935561D002720FA /* Build configuration list for PBXNativeTarget "ImageManagerUITests" */ = {
			isa = XCConfigurationList;
			buildConfigurations = (
				D7E626CB2935561D002720FA /* Debug */,
				D7E626CC2935561D002720FA /* Release */,
			);
			defaultConfigurationIsVisible = 0;
			defaultConfigurationName = Release;
		};
/* End XCConfigurationList section */
	};
	rootObject = D7E6269229355619002720FA /* Project object */;
}
